
Microsoft Visual Studio Solution File, Format Version 12.00
# Visual Studio Version 17
VisualStudioVersion = 17.9.34310.174
MinimumVisualStudioVersion = 10.0.40219.1
Project("{9A19103F-16F7-4668-BE54-9A1E7A4F7556}") = "EFCore_Composite_PK_Regression", "EFCore_Regression\EFCore_Composite_PK_Regression.csproj", "{F040BC19-5C0E-4E4B-88BB-AA461839A2F1}"
EndProject
Global
	GlobalSection(SolutionConfigurationPlatforms) = preSolution
		Debug|Any CPU = Debug|Any CPU
		Release|Any CPU = Release|Any CPU
	EndGlobalSection
	GlobalSection(ProjectConfigurationPlatforms) = postSolution
		{F040BC19-5C0E-4E4B-88BB-AA461839A2F1}.Debug|Any CPU.ActiveCfg = Debug|Any CPU
		{F040BC19-5C0E-4E4B-88BB-AA461839A2F1}.Debug|Any CPU.Build.0 = Debug|Any CPU
		{F040BC19-5C0E-4E4B-88BB-AA461839A2F1}.Release|Any CPU.ActiveCfg = Release|Any CPU
		{F040BC19-5C0E-4E4B-88BB-AA461839A2F1}.Release|Any CPU.Build.0 = Release|Any CPU
	EndGlobalSection
	GlobalSection(SolutionProperties) = preSolution
		HideSolutionNode = FALSE
	EndGlobalSection
	GlobalSection(ExtensibilityGlobals) = postSolution
		SolutionGuid = {AA077092-9804-4ADB-BA3C-36A76D7CBCF8}
	EndGlobalSection
EndGlobal
